
Microsoft Visual Studio Solution File, Format Version 12.00
# Visual Studio Version 17
VisualStudioVersion = 17.13.35828.75
MinimumVisualStudioVersion = 10.0.40219.1
Project("{FAE04EC0-301F-11D3-BF4B-00C04F79EFBC}") = "Acc.Api", "AccountManagment\Acc.Api.csproj", "{0B2291A4-8089-4167-AE52-0DEAD547B7E5}"
EndProject
Project("{FAE04EC0-301F-11D3-BF4B-00C04F79EFBC}") = "Acc.Services", "Services\Acc.Services.csproj", "{793D48D4-ACD3-49BE-97B4-FD79C294AF2F}"
EndProject
Project("{FAE04EC0-301F-11D3-BF4B-00C04F79EFBC}") = "Acc.Data", "Data\Acc.Data.csproj", "{B3EE94A0-0DAF-4AD8-A23C-8A0B15D7D4F2}"
EndProject
Project("{FAE04EC0-301F-11D3-BF4B-00C04F79EFBC}") = "Acc.Shared", "Acc.Shared\Acc.Shared.csproj", "{EB74D6ED-0A36-4BDF-ACAA-499487DEE926}"
EndProject
Global
	GlobalSection(SolutionConfigurationPlatforms) = preSolution
		Debug|Any CPU = Debug|Any CPU
		Release|Any CPU = Release|Any CPU
	EndGlobalSection
	GlobalSection(ProjectConfigurationPlatforms) = postSolution
		{0B2291A4-8089-4167-AE52-0DEAD547B7E5}.Debug|Any CPU.ActiveCfg = Debug|Any CPU
		{0B2291A4-8089-4167-AE52-0DEAD547B7E5}.Debug|Any CPU.Build.0 = Debug|Any CPU
		{0B2291A4-8089-4167-AE52-0DEAD547B7E5}.Release|Any CPU.ActiveCfg = Release|Any CPU
		{0B2291A4-8089-4167-AE52-0DEAD547B7E5}.Release|Any CPU.Build.0 = Release|Any CPU
		{793D48D4-ACD3-49BE-97B4-FD79C294AF2F}.Debug|Any CPU.ActiveCfg = Debug|Any CPU
		{793D48D4-ACD3-49BE-97B4-FD79C294AF2F}.Debug|Any CPU.Build.0 = Debug|Any CPU
		{793D48D4-ACD3-49BE-97B4-FD79C294AF2F}.Release|Any CPU.ActiveCfg = Release|Any CPU
		{793D48D4-ACD3-49BE-97B4-FD79C294AF2F}.Release|Any CPU.Build.0 = Release|Any CPU
		{B3EE94A0-0DAF-4AD8-A23C-8A0B15D7D4F2}.Debug|Any CPU.ActiveCfg = Debug|Any CPU
		{B3EE94A0-0DAF-4AD8-A23C-8A0B15D7D4F2}.Debug|Any CPU.Build.0 = Debug|Any CPU
		{B3EE94A0-0DAF-4AD8-A23C-8A0B15D7D4F2}.Release|Any CPU.ActiveCfg = Release|Any CPU
		{B3EE94A0-0DAF-4AD8-A23C-8A0B15D7D4F2}.Release|Any CPU.Build.0 = Release|Any CPU
		{EB74D6ED-0A36-4BDF-ACAA-499487DEE926}.Debug|Any CPU.ActiveCfg = Debug|Any CPU
		{EB74D6ED-0A36-4BDF-ACAA-499487DEE926}.Debug|Any CPU.Build.0 = Debug|Any CPU
		{EB74D6ED-0A36-4BDF-ACAA-499487DEE926}.Release|Any CPU.ActiveCfg = Release|Any CPU
		{EB74D6ED-0A36-4BDF-ACAA-499487DEE926}.Release|Any CPU.Build.0 = Release|Any CPU
	EndGlobalSection
	GlobalSection(SolutionProperties) = preSolution
		HideSolutionNode = FALSE
	EndGlobalSection
	GlobalSection(ExtensibilityGlobals) = postSolution
		SolutionGuid = {5CA087E4-B154-4AC2-B45B-553A93555B8F}
	EndGlobalSection
EndGlobal
